
Microsoft Visual Studio Solution File, Format Version 12.00
# Visual Studio Version 17
VisualStudioVersion = 17.9.34728.123
MinimumVisualStudioVersion = 10.0.40219.1
Project("{FAE04EC0-301F-11D3-BF4B-00C04F79EFBC}") = "test", "test.csproj", "{FA8C3CD2-14C7-4335-AF41-D232C2F53AE6}"
EndProject
Project("{FAE04EC0-301F-11D3-BF4B-00C04F79EFBC}") = "test.Redirect", "..\test.Redirect\test.Redirect.csproj", "{B68A5B40-5C17-47D3-844F-EDA7BEB8781A}"
EndProject
Project("{FAE04EC0-301F-11D3-BF4B-00C04F79EFBC}") = "test.Data", "..\test.Data\test.Data.csproj", "{FC214A94-C0C3-46C1-A2F9-772D846F979C}"
EndProject
Global
	GlobalSection(SolutionConfigurationPlatforms) = preSolution
		Debug|Any CPU = Debug|Any CPU
		Release|Any CPU = Release|Any CPU
	EndGlobalSection
	GlobalSection(ProjectConfigurationPlatforms) = postSolution
		{FA8C3CD2-14C7-4335-AF41-D232C2F53AE6}.Debug|Any CPU.ActiveCfg = Debug|Any CPU
		{FA8C3CD2-14C7-4335-AF41-D232C2F53AE6}.Debug|Any CPU.Build.0 = Debug|Any CPU
		{FA8C3CD2-14C7-4335-AF41-D232C2F53AE6}.Release|Any CPU.ActiveCfg = Release|Any CPU
		{FA8C3CD2-14C7-4335-AF41-D232C2F53AE6}.Release|Any CPU.Build.0 = Release|Any CPU
		{B68A5B40-5C17-47D3-844F-EDA7BEB8781A}.Debug|Any CPU.ActiveCfg = Debug|Any CPU
		{B68A5B40-5C17-47D3-844F-EDA7BEB8781A}.Debug|Any CPU.Build.0 = Debug|Any CPU
		{B68A5B40-5C17-47D3-844F-EDA7BEB8781A}.Release|Any CPU.ActiveCfg = Release|Any CPU
		{B68A5B40-5C17-47D3-844F-EDA7BEB8781A}.Release|Any CPU.Build.0 = Release|Any CPU
		{FC214A94-C0C3-46C1-A2F9-772D846F979C}.Debug|Any CPU.ActiveCfg = Debug|Any CPU
		{FC214A94-C0C3-46C1-A2F9-772D846F979C}.Debug|Any CPU.Build.0 = Debug|Any CPU
		{FC214A94-C0C3-46C1-A2F9-772D846F979C}.Release|Any CPU.ActiveCfg = Release|Any CPU
		{FC214A94-C0C3-46C1-A2F9-772D846F979C}.Release|Any CPU.Build.0 = Release|Any CPU
	EndGlobalSection
	GlobalSection(SolutionProperties) = preSolution
		HideSolutionNode = FALSE
	EndGlobalSection
	GlobalSection(ExtensibilityGlobals) = postSolution
		SolutionGuid = {28377B26-79C1-436F-98A6-6BCF37A786C4}
	EndGlobalSection
EndGlobal
